
Microsoft Visual Studio Solution File, Format Version 12.00
# Visual Studio Version 17
VisualStudioVersion = 17.2.32630.192
MinimumVisualStudioVersion = 10.0.40219.1
Project("{9A19103F-16F7-4668-BE54-9A1E7A4F7556}") = "KnowledgeBase.API", "KnowledgeBase.API\KnowledgeBase.API.csproj", "{0BCF9ED7-737C-4C9F-B4FC-0E5E58E0A7B2}"
EndProject
Project("{9A19103F-16F7-4668-BE54-9A1E7A4F7556}") = "KnowledgeBase.Core", "KnowledgeBase.Core\KnowledgeBase.Core.csproj", "{3618A781-70FF-42AA-9030-BAE0321E82BA}"
EndProject
Project("{9A19103F-16F7-4668-BE54-9A1E7A4F7556}") = "KnowledgeBase.Data", "KnowledgeBase.Data\KnowledgeBase.Data.csproj", "{E1433B33-FC45-4A00-9ECA-9A654164C176}"
EndProject
Project("{9A19103F-16F7-4668-BE54-9A1E7A4F7556}") = "KnowledgeBase.Service", "KnowledgeBase.Service\KnowledgeBase.Service.csproj", "{0F521E5D-9A70-4A14-92A6-6F480AC761AA}"
EndProject
Project("{9A19103F-16F7-4668-BE54-9A1E7A4F7556}") = "KnowledgeBase.App", "KnowledgeBase.App\KnowledgeBase.App.csproj", "{E706DB29-94E9-4858-9B9E-0B0BFC4240A7}"
EndProject
Project("{E53339B2-1760-4266-BCC7-CA923CBCF16C}") = "docker-compose", "docker-compose.dcproj", "{35242C11-0635-4E77-88A0-35CF07347CAD}"
EndProject
Global
	GlobalSection(SolutionConfigurationPlatforms) = preSolution
		Debug|Any CPU = Debug|Any CPU
		Release|Any CPU = Release|Any CPU
	EndGlobalSection
	GlobalSection(ProjectConfigurationPlatforms) = postSolution
		{0BCF9ED7-737C-4C9F-B4FC-0E5E58E0A7B2}.Debug|Any CPU.ActiveCfg = Debug|Any CPU
		{0BCF9ED7-737C-4C9F-B4FC-0E5E58E0A7B2}.Debug|Any CPU.Build.0 = Debug|Any CPU
		{0BCF9ED7-737C-4C9F-B4FC-0E5E58E0A7B2}.Release|Any CPU.ActiveCfg = Release|Any CPU
		{0BCF9ED7-737C-4C9F-B4FC-0E5E58E0A7B2}.Release|Any CPU.Build.0 = Release|Any CPU
		{3618A781-70FF-42AA-9030-BAE0321E82BA}.Debug|Any CPU.ActiveCfg = Debug|Any CPU
		{3618A781-70FF-42AA-9030-BAE0321E82BA}.Debug|Any CPU.Build.0 = Debug|Any CPU
		{3618A781-70FF-42AA-9030-BAE0321E82BA}.Release|Any CPU.ActiveCfg = Release|Any CPU
		{3618A781-70FF-42AA-9030-BAE0321E82BA}.Release|Any CPU.Build.0 = Release|Any CPU
		{E1433B33-FC45-4A00-9ECA-9A654164C176}.Debug|Any CPU.ActiveCfg = Debug|Any CPU
		{E1433B33-FC45-4A00-9ECA-9A654164C176}.Debug|Any CPU.Build.0 = Debug|Any CPU
		{E1433B33-FC45-4A00-9ECA-9A654164C176}.Release|Any CPU.ActiveCfg = Release|Any CPU
		{E1433B33-FC45-4A00-9ECA-9A654164C176}.Release|Any CPU.Build.0 = Release|Any CPU
		{0F521E5D-9A70-4A14-92A6-6F480AC761AA}.Debug|Any CPU.ActiveCfg = Debug|Any CPU
		{0F521E5D-9A70-4A14-92A6-6F480AC761AA}.Debug|Any CPU.Build.0 = Debug|Any CPU
		{0F521E5D-9A70-4A14-92A6-6F480AC761AA}.Release|Any CPU.ActiveCfg = Release|Any CPU
		{0F521E5D-9A70-4A14-92A6-6F480AC761AA}.Release|Any CPU.Build.0 = Release|Any CPU
		{E706DB29-94E9-4858-9B9E-0B0BFC4240A7}.Debug|Any CPU.ActiveCfg = Debug|Any CPU
		{E706DB29-94E9-4858-9B9E-0B0BFC4240A7}.Debug|Any CPU.Build.0 = Debug|Any CPU
		{E706DB29-94E9-4858-9B9E-0B0BFC4240A7}.Release|Any CPU.ActiveCfg = Release|Any CPU
		{E706DB29-94E9-4858-9B9E-0B0BFC4240A7}.Release|Any CPU.Build.0 = Release|Any CPU
		{35242C11-0635-4E77-88A0-35CF07347CAD}.Debug|Any CPU.ActiveCfg = Debug|Any CPU
		{35242C11-0635-4E77-88A0-35CF07347CAD}.Debug|Any CPU.Build.0 = Debug|Any CPU
		{35242C11-0635-4E77-88A0-35CF07347CAD}.Release|Any CPU.ActiveCfg = Release|Any CPU
		{35242C11-0635-4E77-88A0-35CF07347CAD}.Release|Any CPU.Build.0 = Release|Any CPU
	EndGlobalSection
	GlobalSection(SolutionProperties) = preSolution
		HideSolutionNode = FALSE
	EndGlobalSection
	GlobalSection(ExtensibilityGlobals) = postSolution
		SolutionGuid = {D6840445-DB7A-4733-94D9-78A49ED232E4}
	EndGlobalSection
EndGlobal
